
Microsoft Visual Studio Solution File, Format Version 12.00
# Visual Studio Version 16
VisualStudioVersion = 16.0.29519.87
MinimumVisualStudioVersion = 10.0.40219.1
Project("{FAE04EC0-301F-11D3-BF4B-00C04F79EFBC}") = "AspNet_Restaurant", "AspNet_Restaurant\AspNet_Restaurant.csproj", "{D59BD405-ED88-4148-BD4A-EEFA0DFDE1DC}"
EndProject
Global
	GlobalSection(SolutionConfigurationPlatforms) = preSolution
		Debug|Any CPU = Debug|Any CPU
		Release|Any CPU = Release|Any CPU
	EndGlobalSection
	GlobalSection(ProjectConfigurationPlatforms) = postSolution
		{D59BD405-ED88-4148-BD4A-EEFA0DFDE1DC}.Debug|Any CPU.ActiveCfg = Debug|Any CPU
		{D59BD405-ED88-4148-BD4A-EEFA0DFDE1DC}.Debug|Any CPU.Build.0 = Debug|Any CPU
		{D59BD405-ED88-4148-BD4A-EEFA0DFDE1DC}.Release|Any CPU.ActiveCfg = Release|Any CPU
		{D59BD405-ED88-4148-BD4A-EEFA0DFDE1DC}.Release|Any CPU.Build.0 = Release|Any CPU
	EndGlobalSection
	GlobalSection(SolutionProperties) = preSolution
		HideSolutionNode = FALSE
	EndGlobalSection
	GlobalSection(ExtensibilityGlobals) = postSolution
		SolutionGuid = {FB58E951-02E1-47F4-B122-7413C09B6EC0}
	EndGlobalSection
EndGlobal
